// !$*UTF8*$!
{
	archiveVersion = 1;
	classes = {
	};
	objectVersion = 55;
	objects = {

/* Begin PBXBuildFile section */
		101862DD27CE6DDD009D0DBE /* AppDelegate.swift in Sources */ = {isa = PBXBuildFile; fileRef = 101862DC27CE6DDD009D0DBE /* AppDelegate.swift */; };
		101862DF27CE6DDD009D0DBE /* SceneDelegate.swift in Sources */ = {isa = PBXBuildFile; fileRef = 101862DE27CE6DDD009D0DBE /* SceneDelegate.swift */; };
		101862E127CE6DDD009D0DBE /* MainTabBarController.swift in Sources */ = {isa = PBXBuildFile; fileRef = 101862E027CE6DDD009D0DBE /* MainTabBarController.swift */; };
		101862E627CE6DDE009D0DBE /* Assets.xcassets in Resources */ = {isa = PBXBuildFile; fileRef = 101862E527CE6DDE009D0DBE /* Assets.xcassets */; };
		101862E927CE6DDE009D0DBE /* LaunchScreen.storyboard in Resources */ = {isa = PBXBuildFile; fileRef = 101862E727CE6DDE009D0DBE /* LaunchScreen.storyboard */; };
		101862F127CE6E34009D0DBE /* .gitignore in Resources */ = {isa = PBXBuildFile; fileRef = 101862F027CE6E34009D0DBE /* .gitignore */; };
		101862F527CE706B009D0DBE /* HomeViewController.swift in Sources */ = {isa = PBXBuildFile; fileRef = 101862F427CE706B009D0DBE /* HomeViewController.swift */; };
		101862F727CE7097009D0DBE /* UpcomingViewController.swift in Sources */ = {isa = PBXBuildFile; fileRef = 101862F627CE7097009D0DBE /* UpcomingViewController.swift */; };
		101862F927CE70B6009D0DBE /* SearchViewController.swift in Sources */ = {isa = PBXBuildFile; fileRef = 101862F827CE70B6009D0DBE /* SearchViewController.swift */; };
		101862FB27CE70D2009D0DBE /* DownloadsViewController.swift in Sources */ = {isa = PBXBuildFile; fileRef = 101862FA27CE70D2009D0DBE /* DownloadsViewController.swift */; };
		1018630027CE771D009D0DBE /* CollectionViewTableViewCell.swift in Sources */ = {isa = PBXBuildFile; fileRef = 101862FF27CE771D009D0DBE /* CollectionViewTableViewCell.swift */; };
		1018630227CE8813009D0DBE /* HeroHeaderView.swift in Sources */ = {isa = PBXBuildFile; fileRef = 1018630127CE8813009D0DBE /* HeroHeaderView.swift */; };
		101E556727CFCF86008A35B2 /* APICaller.swift in Sources */ = {isa = PBXBuildFile; fileRef = 101E556627CFCF86008A35B2 /* APICaller.swift */; };
		101E556927CFDBC2008A35B2 /* Title.swift in Sources */ = {isa = PBXBuildFile; fileRef = 101E556827CFDBC2008A35B2 /* Title.swift */; };
		10435D3627D107C700D4AE2B /* TitleTableViewCell.swift in Sources */ = {isa = PBXBuildFile; fileRef = 10435D3527D107C700D4AE2B /* TitleTableViewCell.swift */; };
		10435D3827D109EB00D4AE2B /* TitleViewModel.swift in Sources */ = {isa = PBXBuildFile; fileRef = 10435D3727D109EB00D4AE2B /* TitleViewModel.swift */; };
		10AC5F0C27D0AD4B00946578 /* TitleCollectionViewCell.swift in Sources */ = {isa = PBXBuildFile; fileRef = 10AC5F0B27D0AD4B00946578 /* TitleCollectionViewCell.swift */; };
		10AC5F0F27D0AEB100946578 /* SDWebImage in Frameworks */ = {isa = PBXBuildFile; productRef = 10AC5F0E27D0AEB100946578 /* SDWebImage */; };
		10AC5F1127D0AEB100946578 /* SDWebImageMapKit in Frameworks */ = {isa = PBXBuildFile; productRef = 10AC5F1027D0AEB100946578 /* SDWebImageMapKit */; };
		10B8296527CFE35E00F4575B /* Extensions.swift in Sources */ = {isa = PBXBuildFile; fileRef = 10B8296427CFE35E00F4575B /* Extensions.swift */; };
		10B8296927CFECC600F4575B /* NetworkService.swift in Sources */ = {isa = PBXBuildFile; fileRef = 10B8296827CFECC600F4575B /* NetworkService.swift */; };
		10B8296B27CFEF5A00F4575B /* NetworkDataFetcher.swift in Sources */ = {isa = PBXBuildFile; fileRef = 10B8296A27CFEF5A00F4575B /* NetworkDataFetcher.swift */; };
		10C558CA27D140C600021CB5 /* SearchResultViewController.swift in Sources */ = {isa = PBXBuildFile; fileRef = 10C558C927D140C600021CB5 /* SearchResultViewController.swift */; };
		10CD7EB127D218360079B39C /* YoutubeSearchResponse.swift in Sources */ = {isa = PBXBuildFile; fileRef = 10CD7EB027D218360079B39C /* YoutubeSearchResponse.swift */; };
/* End PBXBuildFile section */

/* Begin PBXFileReference section */
		101862D927CE6DDD009D0DBE /* NetflixClone.app */ = {isa = PBXFileReference; explicitFileType = wrapper.application; includeInIndex = 0; path = NetflixClone.app; sourceTree = BUILT_PRODUCTS_DIR; };
		101862DC27CE6DDD009D0DBE /* AppDelegate.swift */ = {isa = PBXFileReference; lastKnownFileType = sourcecode.swift; path = AppDelegate.swift; sourceTree = "<group>"; };
		101862DE27CE6DDD009D0DBE /* SceneDelegate.swift */ = {isa = PBXFileReference; lastKnownFileType = sourcecode.swift; path = SceneDelegate.swift; sourceTree = "<group>"; };
		101862E027CE6DDD009D0DBE /* MainTabBarController.swift */ = {isa = PBXFileReference; lastKnownFileType = sourcecode.swift; path = MainTabBarController.swift; sourceTree = "<group>"; };
		101862E527CE6DDE009D0DBE /* Assets.xcassets */ = {isa = PBXFileReference; lastKnownFileType = folder.assetcatalog; path = Assets.xcassets; sourceTree = "<group>"; };
		101862E827CE6DDE009D0DBE /* Base */ = {isa = PBXFileReference; lastKnownFileType = file.storyboard; name = Base; path = Base.lproj/LaunchScreen.storyboard; sourceTree = "<group>"; };
		101862EA27CE6DDE009D0DBE /* Info.plist */ = {isa = PBXFileReference; lastKnownFileType = text.plist.xml; path = Info.plist; sourceTree = "<group>"; };
		101862F027CE6E34009D0DBE /* .gitignore */ = {isa = PBXFileReference; lastKnownFileType = text; path = .gitignore; sourceTree = "<group>"; };
		101862F427CE706B009D0DBE /* HomeViewController.swift */ = {isa = PBXFileReference; lastKnownFileType = sourcecode.swift; path = HomeViewController.swift; sourceTree = "<group>"; };
		101862F627CE7097009D0DBE /* UpcomingViewController.swift */ = {isa = PBXFileReference; lastKnownFileType = sourcecode.swift; path = UpcomingViewController.swift; sourceTree = "<group>"; };
		101862F827CE70B6009D0DBE /* SearchViewController.swift */ = {isa = PBXFileReference; lastKnownFileType = sourcecode.swift; path = SearchViewController.swift; sourceTree = "<group>"; };
		101862FA27CE70D2009D0DBE /* DownloadsViewController.swift */ = {isa = PBXFileReference; lastKnownFileType = sourcecode.swift; path = DownloadsViewController.swift; sourceTree = "<group>"; };
		101862FF27CE771D009D0DBE /* CollectionViewTableViewCell.swift */ = {isa = PBXFileReference; lastKnownFileType = sourcecode.swift; path = CollectionViewTableViewCell.swift; sourceTree = "<group>"; };
		1018630127CE8813009D0DBE /* HeroHeaderView.swift */ = {isa = PBXFileReference; lastKnownFileType = sourcecode.swift; path = HeroHeaderView.swift; sourceTree = "<group>"; };
		101E556627CFCF86008A35B2 /* APICaller.swift */ = {isa = PBXFileReference; lastKnownFileType = sourcecode.swift; path = APICaller.swift; sourceTree = "<group>"; };
		101E556827CFDBC2008A35B2 /* Title.swift */ = {isa = PBXFileReference; lastKnownFileType = sourcecode.swift; path = Title.swift; sourceTree = "<group>"; };
		10435D3527D107C700D4AE2B /* TitleTableViewCell.swift */ = {isa = PBXFileReference; lastKnownFileType = sourcecode.swift; path = TitleTableViewCell.swift; sourceTree = "<group>"; };
		10435D3727D109EB00D4AE2B /* TitleViewModel.swift */ = {isa = PBXFileReference; lastKnownFileType = sourcecode.swift; path = TitleViewModel.swift; sourceTree = "<group>"; };
		10AC5F0B27D0AD4B00946578 /* TitleCollectionViewCell.swift */ = {isa = PBXFileReference; lastKnownFileType = sourcecode.swift; path = TitleCollectionViewCell.swift; sourceTree = "<group>"; };
		10B8296427CFE35E00F4575B /* Extensions.swift */ = {isa = PBXFileReference; lastKnownFileType = sourcecode.swift; path = Extensions.swift; sourceTree = "<group>"; };
		10B8296827CFECC600F4575B /* NetworkService.swift */ = {isa = PBXFileReference; lastKnownFileType = sourcecode.swift; path = NetworkService.swift; sourceTree = "<group>"; };
		10B8296A27CFEF5A00F4575B /* NetworkDataFetcher.swift */ = {isa = PBXFileReference; lastKnownFileType = sourcecode.swift; path = NetworkDataFetcher.swift; sourceTree = "<group>"; };
		10C558C927D140C600021CB5 /* SearchResultViewController.swift */ = {isa = PBXFileReference; lastKnownFileType = sourcecode.swift; path = SearchResultViewController.swift; sourceTree = "<group>"; };
		10CD7EB027D218360079B39C /* YoutubeSearchResponse.swift */ = {isa = PBXFileReference; lastKnownFileType = sourcecode.swift; path = YoutubeSearchResponse.swift; sourceTree = "<group>"; };
/* End PBXFileReference section */

/* Begin PBXFrameworksBuildPhase section */
		101862D627CE6DDD009D0DBE /* Frameworks */ = {
			isa = PBXFrameworksBuildPhase;
			buildActionMask = 2147483647;
			files = (
				10AC5F1127D0AEB100946578 /* SDWebImageMapKit in Frameworks */,
				10AC5F0F27D0AEB100946578 /* SDWebImage in Frameworks */,
			);
			runOnlyForDeploymentPostprocessing = 0;
		};
/* End PBXFrameworksBuildPhase section */

/* Begin PBXGroup section */
		101862D027CE6DDD009D0DBE = {
			isa = PBXGroup;
			children = (
				101862F027CE6E34009D0DBE /* .gitignore */,
				101862DB27CE6DDD009D0DBE /* NetflixClone */,
				101862DA27CE6DDD009D0DBE /* Products */,
			);
			sourceTree = "<group>";
		};
		101862DA27CE6DDD009D0DBE /* Products */ = {
			isa = PBXGroup;
			children = (
				101862D927CE6DDD009D0DBE /* NetflixClone.app */,
			);
			name = Products;
			sourceTree = "<group>";
		};
		101862DB27CE6DDD009D0DBE /* NetflixClone */ = {
			isa = PBXGroup;
			children = (
				101862DC27CE6DDD009D0DBE /* AppDelegate.swift */,
				101862DE27CE6DDD009D0DBE /* SceneDelegate.swift */,
				101862E027CE6DDD009D0DBE /* MainTabBarController.swift */,
				101862FD27CE7680009D0DBE /* Models */,
				101862FE27CE76DF009D0DBE /* Views */,
				101862FC27CE765E009D0DBE /* ViewModels */,
				101862F227CE6FCF009D0DBE /* Controllers */,
				101E556527CFCF6D008A35B2 /* Services */,
				10B8296327CFE34900F4575B /* Utils */,
				101862F327CE6FE8009D0DBE /* Files */,
			);
			path = NetflixClone;
			sourceTree = "<group>";
		};
		101862F227CE6FCF009D0DBE /* Controllers */ = {
			isa = PBXGroup;
			children = (
				10C558CB27D1410C00021CB5 /* Core */,
				10C558CD27D1415100021CB5 /* General */,
			);
			path = Controllers;
			sourceTree = "<group>";
		};
		101862F327CE6FE8009D0DBE /* Files */ = {
			isa = PBXGroup;
			children = (
				101862E527CE6DDE009D0DBE /* Assets.xcassets */,
				101862E727CE6DDE009D0DBE /* LaunchScreen.storyboard */,
				101862EA27CE6DDE009D0DBE /* Info.plist */,
			);
			path = Files;
			sourceTree = "<group>";
		};
		101862FC27CE765E009D0DBE /* ViewModels */ = {
			isa = PBXGroup;
			children = (
				10435D3727D109EB00D4AE2B /* TitleViewModel.swift */,
			);
			path = ViewModels;
			sourceTree = "<group>";
		};
		101862FD27CE7680009D0DBE /* Models */ = {
			isa = PBXGroup;
			children = (
				101E556827CFDBC2008A35B2 /* Title.swift */,
				10CD7EB027D218360079B39C /* YoutubeSearchResponse.swift */,
			);
			path = Models;
			sourceTree = "<group>";
		};
		101862FE27CE76DF009D0DBE /* Views */ = {
			isa = PBXGroup;
			children = (
				101862FF27CE771D009D0DBE /* CollectionViewTableViewCell.swift */,
				1018630127CE8813009D0DBE /* HeroHeaderView.swift */,
				10AC5F0B27D0AD4B00946578 /* TitleCollectionViewCell.swift */,
				10435D3527D107C700D4AE2B /* TitleTableViewCell.swift */,
			);
			path = Views;
			sourceTree = "<group>";
		};
		101E556527CFCF6D008A35B2 /* Services */ = {
			isa = PBXGroup;
			children = (
				101E556627CFCF86008A35B2 /* APICaller.swift */,
				10B8296827CFECC600F4575B /* NetworkService.swift */,
				10B8296A27CFEF5A00F4575B /* NetworkDataFetcher.swift */,
			);
			path = Services;
			sourceTree = "<group>";
		};
		10B8296327CFE34900F4575B /* Utils */ = {
			isa = PBXGroup;
			children = (
				10B8296427CFE35E00F4575B /* Extensions.swift */,
			);
			path = Utils;
			sourceTree = "<group>";
		};
		10C558CB27D1410C00021CB5 /* Core */ = {
			isa = PBXGroup;
			children = (
				101862F427CE706B009D0DBE /* HomeViewController.swift */,
				101862F627CE7097009D0DBE /* UpcomingViewController.swift */,
				101862F827CE70B6009D0DBE /* SearchViewController.swift */,
				101862FA27CE70D2009D0DBE /* DownloadsViewController.swift */,
			);
			path = Core;
			sourceTree = "<group>";
		};
		10C558CD27D1415100021CB5 /* General */ = {
			isa = PBXGroup;
			children = (
				10C558C927D140C600021CB5 /* SearchResultViewController.swift */,
			);
			path = General;
			sourceTree = "<group>";
		};
/* End PBXGroup section */

/* Begin PBXNativeTarget section */
		101862D827CE6DDD009D0DBE /* NetflixClone */ = {
			isa = PBXNativeTarget;
			buildConfigurationList = 101862ED27CE6DDE009D0DBE /* Build configuration list for PBXNativeTarget "NetflixClone" */;
			buildPhases = (
				101862D527CE6DDD009D0DBE /* Sources */,
				101862D627CE6DDD009D0DBE /* Frameworks */,
				101862D727CE6DDD009D0DBE /* Resources */,
			);
			buildRules = (
			);
			dependencies = (
			);
			name = NetflixClone;
			packageProductDependencies = (
				10AC5F0E27D0AEB100946578 /* SDWebImage */,
				10AC5F1027D0AEB100946578 /* SDWebImageMapKit */,
			);
			productName = NetflixClone;
			productReference = 101862D927CE6DDD009D0DBE /* NetflixClone.app */;
			productType = "com.apple.product-type.application";
		};
/* End PBXNativeTarget section */

/* Begin PBXProject section */
		101862D127CE6DDD009D0DBE /* Project object */ = {
			isa = PBXProject;
			attributes = {
				BuildIndependentTargetsInParallel = 1;
				LastSwiftUpdateCheck = 1320;
				LastUpgradeCheck = 1320;
				TargetAttributes = {
					101862D827CE6DDD009D0DBE = {
						CreatedOnToolsVersion = 13.2;
					};
				};
			};
			buildConfigurationList = 101862D427CE6DDD009D0DBE /* Build configuration list for PBXProject "NetflixClone" */;
			compatibilityVersion = "Xcode 13.0";
			developmentRegion = en;
			hasScannedForEncodings = 0;
			knownRegions = (
				en,
				Base,
			);
			mainGroup = 101862D027CE6DDD009D0DBE;
			packageReferences = (
				10AC5F0D27D0AEB100946578 /* XCRemoteSwiftPackageReference "SDWebImage" */,
			);
			productRefGroup = 101862DA27CE6DDD009D0DBE /* Products */;
			projectDirPath = "";
			projectRoot = "";
			targets = (
				101862D827CE6DDD009D0DBE /* NetflixClone */,
			);
		};
/* End PBXProject section */

/* Begin PBXResourcesBuildPhase section */
		101862D727CE6DDD009D0DBE /* Resources */ = {
			isa = PBXResourcesBuildPhase;
			buildActionMask = 2147483647;
			files = (
				101862F127CE6E34009D0DBE /* .gitignore in Resources */,
				101862E927CE6DDE009D0DBE /* LaunchScreen.storyboard in Resources */,
				101862E627CE6DDE009D0DBE /* Assets.xcassets in Resources */,
			);
			runOnlyForDeploymentPostprocessing = 0;
		};
/* End PBXResourcesBuildPhase section */

/* Begin PBXSourcesBuildPhase section */
		101862D527CE6DDD009D0DBE /* Sources */ = {
			isa = PBXSourcesBuildPhase;
			buildActionMask = 2147483647;
			files = (
				101862F927CE70B6009D0DBE /* SearchViewController.swift in Sources */,
				101862E127CE6DDD009D0DBE /* MainTabBarController.swift in Sources */,
				1018630027CE771D009D0DBE /* CollectionViewTableViewCell.swift in Sources */,
				101E556727CFCF86008A35B2 /* APICaller.swift in Sources */,
				101862FB27CE70D2009D0DBE /* DownloadsViewController.swift in Sources */,
				1018630227CE8813009D0DBE /* HeroHeaderView.swift in Sources */,
				10CD7EB127D218360079B39C /* YoutubeSearchResponse.swift in Sources */,
				10B8296927CFECC600F4575B /* NetworkService.swift in Sources */,
				10435D3827D109EB00D4AE2B /* TitleViewModel.swift in Sources */,
				101862DD27CE6DDD009D0DBE /* AppDelegate.swift in Sources */,
				10B8296527CFE35E00F4575B /* Extensions.swift in Sources */,
				10C558CA27D140C600021CB5 /* SearchResultViewController.swift in Sources */,
				10B8296B27CFEF5A00F4575B /* NetworkDataFetcher.swift in Sources */,
				101862DF27CE6DDD009D0DBE /* SceneDelegate.swift in Sources */,
				10435D3627D107C700D4AE2B /* TitleTableViewCell.swift in Sources */,
				101862F727CE7097009D0DBE /* UpcomingViewController.swift in Sources */,
				101E556927CFDBC2008A35B2 /* Title.swift in Sources */,
				101862F527CE706B009D0DBE /* HomeViewController.swift in Sources */,
				10AC5F0C27D0AD4B00946578 /* TitleCollectionViewCell.swift in Sources */,
			);
			runOnlyForDeploymentPostprocessing = 0;
		};
/* End PBXSourcesBuildPhase section */

/* Begin PBXVariantGroup section */
		101862E727CE6DDE009D0DBE /* LaunchScreen.storyboard */ = {
			isa = PBXVariantGroup;
			children = (
				101862E827CE6DDE009D0DBE /* Base */,
			);
			name = LaunchScreen.storyboard;
			sourceTree = "<group>";
		};
/* End PBXVariantGroup section */

/* Begin XCBuildConfiguration section */
		101862EB27CE6DDE009D0DBE /* Debug */ = {
			isa = XCBuildConfiguration;
			buildSettings = {
				ALWAYS_SEARCH_USER_PATHS = NO;
				CLANG_ANALYZER_NONNULL = YES;
				CLANG_ANALYZER_NUMBER_OBJECT_CONVERSION = YES_AGGRESSIVE;
				CLANG_CXX_LANGUAGE_STANDARD = "gnu++17";
				CLANG_CXX_LIBRARY = "libc++";
				CLANG_ENABLE_MODULES = YES;
				CLANG_ENABLE_OBJC_ARC = YES;
				CLANG_ENABLE_OBJC_WEAK = YES;
				CLANG_WARN_BLOCK_CAPTURE_AUTORELEASING = YES;
				CLANG_WARN_BOOL_CONVERSION = YES;
				CLANG_WARN_COMMA = YES;
				CLANG_WARN_CONSTANT_CONVERSION = YES;
				CLANG_WARN_DEPRECATED_OBJC_IMPLEMENTATIONS = YES;
				CLANG_WARN_DIRECT_OBJC_ISA_USAGE = YES_ERROR;
				CLANG_WARN_DOCUMENTATION_COMMENTS = YES;
				CLANG_WARN_EMPTY_BODY = YES;
				CLANG_WARN_ENUM_CONVERSION = YES;
				CLANG_WARN_INFINITE_RECURSION = YES;
				CLANG_WARN_INT_CONVERSION = YES;
				CLANG_WARN_NON_LITERAL_NULL_CONVERSION = YES;
				CLANG_WARN_OBJC_IMPLICIT_RETAIN_SELF = YES;
				CLANG_WARN_OBJC_LITERAL_CONVERSION = YES;
				CLANG_WARN_OBJC_ROOT_CLASS = YES_ERROR;
				CLANG_WARN_QUOTED_INCLUDE_IN_FRAMEWORK_HEADER = YES;
				CLANG_WARN_RANGE_LOOP_ANALYSIS = YES;
				CLANG_WARN_STRICT_PROTOTYPES = YES;
				CLANG_WARN_SUSPICIOUS_MOVE = YES;
				CLANG_WARN_UNGUARDED_AVAILABILITY = YES_AGGRESSIVE;
				CLANG_WARN_UNREACHABLE_CODE = YES;
				CLANG_WARN__DUPLICATE_METHOD_MATCH = YES;
				COPY_PHASE_STRIP = NO;
				DEBUG_INFORMATION_FORMAT = dwarf;
				ENABLE_STRICT_OBJC_MSGSEND = YES;
				ENABLE_TESTABILITY = YES;
				GCC_C_LANGUAGE_STANDARD = gnu11;
				GCC_DYNAMIC_NO_PIC = NO;
				GCC_NO_COMMON_BLOCKS = YES;
				GCC_OPTIMIZATION_LEVEL = 0;
				GCC_PREPROCESSOR_DEFINITIONS = (
					"DEBUG=1",
					"$(inherited)",
				);
				GCC_WARN_64_TO_32_BIT_CONVERSION = YES;
				GCC_WARN_ABOUT_RETURN_TYPE = YES_ERROR;
				GCC_WARN_UNDECLARED_SELECTOR = YES;
				GCC_WARN_UNINITIALIZED_AUTOS = YES_AGGRESSIVE;
				GCC_WARN_UNUSED_FUNCTION = YES;
				GCC_WARN_UNUSED_VARIABLE = YES;
				IPHONEOS_DEPLOYMENT_TARGET = 15.2;
				MTL_ENABLE_DEBUG_INFO = INCLUDE_SOURCE;
				MTL_FAST_MATH = YES;
				ONLY_ACTIVE_ARCH = YES;
				SDKROOT = iphoneos;
				SWIFT_ACTIVE_COMPILATION_CONDITIONS = DEBUG;
				SWIFT_OPTIMIZATION_LEVEL = "-Onone";
			};
			name = Debug;
		};
		101862EC27CE6DDE009D0DBE /* Release */ = {
			isa = XCBuildConfiguration;
			buildSettings = {
				ALWAYS_SEARCH_USER_PATHS = NO;
				CLANG_ANALYZER_NONNULL = YES;
				CLANG_ANALYZER_NUMBER_OBJECT_CONVERSION = YES_AGGRESSIVE;
				CLANG_CXX_LANGUAGE_STANDARD = "gnu++17";
				CLANG_CXX_LIBRARY = "libc++";
				CLANG_ENABLE_MODULES = YES;
				CLANG_ENABLE_OBJC_ARC = YES;
				CLANG_ENABLE_OBJC_WEAK = YES;
				CLANG_WARN_BLOCK_CAPTURE_AUTORELEASING = YES;
				CLANG_WARN_BOOL_CONVERSION = YES;
				CLANG_WARN_COMMA = YES;
				CLANG_WARN_CONSTANT_CONVERSION = YES;
				CLANG_WARN_DEPRECATED_OBJC_IMPLEMENTATIONS = YES;
				CLANG_WARN_DIRECT_OBJC_ISA_USAGE = YES_ERROR;
				CLANG_WARN_DOCUMENTATION_COMMENTS = YES;
				CLANG_WARN_EMPTY_BODY = YES;
				CLANG_WARN_ENUM_CONVERSION = YES;
				CLANG_WARN_INFINITE_RECURSION = YES;
				CLANG_WARN_INT_CONVERSION = YES;
				CLANG_WARN_NON_LITERAL_NULL_CONVERSION = YES;
				CLANG_WARN_OBJC_IMPLICIT_RETAIN_SELF = YES;
				CLANG_WARN_OBJC_LITERAL_CONVERSION = YES;
				CLANG_WARN_OBJC_ROOT_CLASS = YES_ERROR;
				CLANG_WARN_QUOTED_INCLUDE_IN_FRAMEWORK_HEADER = YES;
				CLANG_WARN_RANGE_LOOP_ANALYSIS = YES;
				CLANG_WARN_STRICT_PROTOTYPES = YES;
				CLANG_WARN_SUSPICIOUS_MOVE = YES;
				CLANG_WARN_UNGUARDED_AVAILABILITY = YES_AGGRESSIVE;
				CLANG_WARN_UNREACHABLE_CODE = YES;
				CLANG_WARN__DUPLICATE_METHOD_MATCH = YES;
				COPY_PHASE_STRIP = NO;
				DEBUG_INFORMATION_FORMAT = "dwarf-with-dsym";
				ENABLE_NS_ASSERTIONS = NO;
				ENABLE_STRICT_OBJC_MSGSEND = YES;
				GCC_C_LANGUAGE_STANDARD = gnu11;
				GCC_NO_COMMON_BLOCKS = YES;
				GCC_WARN_64_TO_32_BIT_CONVERSION = YES;
				GCC_WARN_ABOUT_RETURN_TYPE = YES_ERROR;
				GCC_WARN_UNDECLARED_SELECTOR = YES;
				GCC_WARN_UNINITIALIZED_AUTOS = YES_AGGRESSIVE;
				GCC_WARN_UNUSED_FUNCTION = YES;
				GCC_WARN_UNUSED_VARIABLE = YES;
				IPHONEOS_DEPLOYMENT_TARGET = 15.2;
				MTL_ENABLE_DEBUG_INFO = NO;
				MTL_FAST_MATH = YES;
				SDKROOT = iphoneos;
				SWIFT_COMPILATION_MODE = wholemodule;
				SWIFT_OPTIMIZATION_LEVEL = "-O";
				VALIDATE_PRODUCT = YES;
			};
			name = Release;
		};
		101862EE27CE6DDE009D0DBE /* Debug */ = {
			isa = XCBuildConfiguration;
			buildSettings = {
				ASSETCATALOG_COMPILER_APPICON_NAME = AppIcon;
				ASSETCATALOG_COMPILER_GLOBAL_ACCENT_COLOR_NAME = AccentColor;
				CODE_SIGN_STYLE = Automatic;
				CURRENT_PROJECT_VERSION = 1;
				GENERATE_INFOPLIST_FILE = YES;
				INFOPLIST_FILE = NetflixClone/Files/Info.plist;
				INFOPLIST_KEY_UIApplicationSupportsIndirectInputEvents = YES;
				INFOPLIST_KEY_UILaunchStoryboardName = LaunchScreen;
				INFOPLIST_KEY_UISupportedInterfaceOrientations_iPad = "UIInterfaceOrientationPortrait UIInterfaceOrientationPortraitUpsideDown UIInterfaceOrientationLandscapeLeft UIInterfaceOrientationLandscapeRight";
				INFOPLIST_KEY_UISupportedInterfaceOrientations_iPhone = "UIInterfaceOrientationPortrait UIInterfaceOrientationLandscapeLeft UIInterfaceOrientationLandscapeRight";
				LD_RUNPATH_SEARCH_PATHS = (
					"$(inherited)",
					"@executable_path/Frameworks",
				);
				MARKETING_VERSION = 1.0;
				PRODUCT_BUNDLE_IDENTIFIER = com.myapps.NetflixClone;
				PRODUCT_NAME = "$(TARGET_NAME)";
				SWIFT_EMIT_LOC_STRINGS = YES;
				SWIFT_VERSION = 5.0;
				TARGETED_DEVICE_FAMILY = "1,2";
			};
			name = Debug;
		};
		101862EF27CE6DDE009D0DBE /* Release */ = {
			isa = XCBuildConfiguration;
			buildSettings = {
				ASSETCATALOG_COMPILER_APPICON_NAME = AppIcon;
				ASSETCATALOG_COMPILER_GLOBAL_ACCENT_COLOR_NAME = AccentColor;
				CODE_SIGN_STYLE = Automatic;
				CURRENT_PROJECT_VERSION = 1;
				GENERATE_INFOPLIST_FILE = YES;
				INFOPLIST_FILE = NetflixClone/Files/Info.plist;
				INFOPLIST_KEY_UIApplicationSupportsIndirectInputEvents = YES;
				INFOPLIST_KEY_UILaunchStoryboardName = LaunchScreen;
				INFOPLIST_KEY_UISupportedInterfaceOrientations_iPad = "UIInterfaceOrientationPortrait UIInterfaceOrientationPortraitUpsideDown UIInterfaceOrientationLandscapeLeft UIInterfaceOrientationLandscapeRight";
				INFOPLIST_KEY_UISupportedInterfaceOrientations_iPhone = "UIInterfaceOrientationPortrait UIInterfaceOrientationLandscapeLeft UIInterfaceOrientationLandscapeRight";
				LD_RUNPATH_SEARCH_PATHS = (
					"$(inherited)",
					"@executable_path/Frameworks",
				);
				MARKETING_VERSION = 1.0;
				PRODUCT_BUNDLE_IDENTIFIER = com.myapps.NetflixClone;
				PRODUCT_NAME = "$(TARGET_NAME)";
				SWIFT_EMIT_LOC_STRINGS = YES;
				SWIFT_VERSION = 5.0;
				TARGETED_DEVICE_FAMILY = "1,2";
			};
			name = Release;
		};
/* End XCBuildConfiguration section */

/* Begin XCConfigurationList section */
		101862D427CE6DDD009D0DBE /* Build configuration list for PBXProject "NetflixClone" */ = {
			isa = XCConfigurationList;
			buildConfigurations = (
				101862EB27CE6DDE009D0DBE /* Debug */,
				101862EC27CE6DDE009D0DBE /* Release */,
			);
			defaultConfigurationIsVisible = 0;
			defaultConfigurationName = Release;
		};
		101862ED27CE6DDE009D0DBE /* Build configuration list for PBXNativeTarget "NetflixClone" */ = {
			isa = XCConfigurationList;
			buildConfigurations = (
				101862EE27CE6DDE009D0DBE /* Debug */,
				101862EF27CE6DDE009D0DBE /* Release */,
			);
			defaultConfigurationIsVisible = 0;
			defaultConfigurationName = Release;
		};
/* End XCConfigurationList section */

/* Begin XCRemoteSwiftPackageReference section */
		10AC5F0D27D0AEB100946578 /* XCRemoteSwiftPackageReference "SDWebImage" */ = {
			isa = XCRemoteSwiftPackageReference;
			repositoryURL = "https://github.com/SDWebImage/SDWebImage";
			requirement = {
				branch = master;
				kind = branch;
			};
		};
/* End XCRemoteSwiftPackageReference section */

/* Begin XCSwiftPackageProductDependency section */
		10AC5F0E27D0AEB100946578 /* SDWebImage */ = {
			isa = XCSwiftPackageProductDependency;
			package = 10AC5F0D27D0AEB100946578 /* XCRemoteSwiftPackageReference "SDWebImage" */;
			productName = SDWebImage;
		};
		10AC5F1027D0AEB100946578 /* SDWebImageMapKit */ = {
			isa = XCSwiftPackageProductDependency;
			package = 10AC5F0D27D0AEB100946578 /* XCRemoteSwiftPackageReference "SDWebImage" */;
			productName = SDWebImageMapKit;
		};
/* End XCSwiftPackageProductDependency section */
	};
	rootObject = 101862D127CE6DDD009D0DBE /* Project object */;
}
